
Microsoft Visual Studio Solution File, Format Version 12.00
# Visual Studio Version 16
VisualStudioVersion = 16.0.32126.315
MinimumVisualStudioVersion = 10.0.40219.1
Project("{FAE04EC0-301F-11D3-BF4B-00C04F79EFBC}") = "WebGet", "WebGet\WebGet.csproj", "{A81BAF71-41B5-4EDE-BBA4-588C9499B841}"
EndProject
Global
	GlobalSection(SolutionConfigurationPlatforms) = preSolution
		Debug|Any CPU = Debug|Any CPU
		Release|Any CPU = Release|Any CPU
	EndGlobalSection
	GlobalSection(ProjectConfigurationPlatforms) = postSolution
		{A81BAF71-41B5-4EDE-BBA4-588C9499B841}.Debug|Any CPU.ActiveCfg = Debug|Any CPU
		{A81BAF71-41B5-4EDE-BBA4-588C9499B841}.Debug|Any CPU.Build.0 = Debug|Any CPU
		{A81BAF71-41B5-4EDE-BBA4-588C9499B841}.Release|Any CPU.ActiveCfg = Release|Any CPU
		{A81BAF71-41B5-4EDE-BBA4-588C9499B841}.Release|Any CPU.Build.0 = Release|Any CPU
	EndGlobalSection
	GlobalSection(SolutionProperties) = preSolution
		HideSolutionNode = FALSE
	EndGlobalSection
	GlobalSection(ExtensibilityGlobals) = postSolution
		SolutionGuid = {EBACE78B-7188-49E5-99A7-19B64E9F574A}
	EndGlobalSection
EndGlobal
